// !$*UTF8*$!
{
	archiveVersion = 1;
	classes = {
	};
	objectVersion = 50;
	objects = {

/* Begin PBXBuildFile section */
		3748BADB2358E2B30022C521 /* LoginViewController.swift in Sources */ = {isa = PBXBuildFile; fileRef = 3748BADA2358E2B30022C521 /* LoginViewController.swift */; };
		3748BADD2358E78C0022C521 /* WelcomeBackViewController.swift in Sources */ = {isa = PBXBuildFile; fileRef = 3748BADC2358E78C0022C521 /* WelcomeBackViewController.swift */; };
		37C6321A235F5C50002B9138 /* Token.swift in Sources */ = {isa = PBXBuildFile; fileRef = 37C63219235F5C50002B9138 /* Token.swift */; };
		37C6321C235F5D06002B9138 /* LoginUserController.swift in Sources */ = {isa = PBXBuildFile; fileRef = 37C6321B235F5D06002B9138 /* LoginUserController.swift */; };
		A4103226235B9A35004C4426 /* ViewTripVC.swift in Sources */ = {isa = PBXBuildFile; fileRef = A4103225235B9A35004C4426 /* ViewTripVC.swift */; };
		A410F3EE2358207F00F96001 /* YourTripsVC.swift in Sources */ = {isa = PBXBuildFile; fileRef = A410F3ED2358207F00F96001 /* YourTripsVC.swift */; };
		A425A278235A36CF0031820B /* ParticipantCollectionViewCell.swift in Sources */ = {isa = PBXBuildFile; fileRef = A425A276235A36CF0031820B /* ParticipantCollectionViewCell.swift */; };
		A425A279235A36CF0031820B /* ParticipantCollectionViewCell.xib in Resources */ = {isa = PBXBuildFile; fileRef = A425A277235A36CF0031820B /* ParticipantCollectionViewCell.xib */; };
		A460EA3D23581A1200AB8E7A /* BalanceView.swift in Sources */ = {isa = PBXBuildFile; fileRef = A460EA3C23581A1200AB8E7A /* BalanceView.swift */; };
		A46A47C12359F23500DBC01A /* FriendsVC.swift in Sources */ = {isa = PBXBuildFile; fileRef = A46A47C02359F23500DBC01A /* FriendsVC.swift */; };
		A46A47C32359F25B00DBC01A /* NotificationsVC.swift in Sources */ = {isa = PBXBuildFile; fileRef = A46A47C22359F25B00DBC01A /* NotificationsVC.swift */; };
		A46A47C6235A00FA00DBC01A /* TripTableViewCell.swift in Sources */ = {isa = PBXBuildFile; fileRef = A46A47C4235A00FA00DBC01A /* TripTableViewCell.swift */; };
		A46A47C7235A00FA00DBC01A /* TripTableViewCell.xib in Resources */ = {isa = PBXBuildFile; fileRef = A46A47C5235A00FA00DBC01A /* TripTableViewCell.xib */; };
		A46A47C9235A0DC600DBC01A /* AddTripVC.swift in Sources */ = {isa = PBXBuildFile; fileRef = A46A47C8235A0DC600DBC01A /* AddTripVC.swift */; };
		A46A47CB235A27B900DBC01A /* ChooseImagePlaceholder.png in Resources */ = {isa = PBXBuildFile; fileRef = A46A47CA235A27B900DBC01A /* ChooseImagePlaceholder.png */; };
		A4ED169F235B8C8500C358E8 /* TripSettingsTableViewCell.swift in Sources */ = {isa = PBXBuildFile; fileRef = A4ED169D235B8C8500C358E8 /* TripSettingsTableViewCell.swift */; };
		A4ED16A0235B8C8500C358E8 /* TripSettingsTableViewCell.xib in Resources */ = {isa = PBXBuildFile; fileRef = A4ED169E235B8C8500C358E8 /* TripSettingsTableViewCell.xib */; };
		A4ED16A2235B8EC600C358E8 /* TripSettings.swift in Sources */ = {isa = PBXBuildFile; fileRef = A4ED16A1235B8EC600C358E8 /* TripSettings.swift */; };
		A4FB58AB2359DF79002A1A39 /* backgroundImage@3x.png in Resources */ = {isa = PBXBuildFile; fileRef = A4FB58AA2359DF79002A1A39 /* backgroundImage@3x.png */; };
		EF03724F2356B61D006161CA /* AppDelegate.swift in Sources */ = {isa = PBXBuildFile; fileRef = EF03724E2356B61D006161CA /* AppDelegate.swift */; };
		EF0372512356B61D006161CA /* SceneDelegate.swift in Sources */ = {isa = PBXBuildFile; fileRef = EF0372502356B61D006161CA /* SceneDelegate.swift */; };
		EF0372582356B61E006161CA /* Assets.xcassets in Resources */ = {isa = PBXBuildFile; fileRef = EF0372572356B61E006161CA /* Assets.xcassets */; };
		EF03725B2356B61E006161CA /* LaunchScreen.storyboard in Resources */ = {isa = PBXBuildFile; fileRef = EF0372592356B61E006161CA /* LaunchScreen.storyboard */; };
		EF03726A2356C4E9006161CA /* LandingPageVC.swift in Sources */ = {isa = PBXBuildFile; fileRef = EF0372692356C4E9006161CA /* LandingPageVC.swift */; };
		EF03726C2356C536006161CA /* SignUpPage.storyboard in Resources */ = {isa = PBXBuildFile; fileRef = EF03726B2356C536006161CA /* SignUpPage.storyboard */; };
		EF03726E2356C57C006161CA /* LogIn.storyboard in Resources */ = {isa = PBXBuildFile; fileRef = EF03726D2356C57C006161CA /* LogIn.storyboard */; };
		EF0372702356C652006161CA /* ResetPassword.storyboard in Resources */ = {isa = PBXBuildFile; fileRef = EF03726F2356C652006161CA /* ResetPassword.storyboard */; };
		EF0372722356C7EC006161CA /* NewUserWelcomeScreen.storyboard in Resources */ = {isa = PBXBuildFile; fileRef = EF0372712356C7EC006161CA /* NewUserWelcomeScreen.storyboard */; };
		EF08B993235AA1480027292E /* NewUserWelcomeVC.swift in Sources */ = {isa = PBXBuildFile; fileRef = EF08B992235AA1480027292E /* NewUserWelcomeVC.swift */; };
		EF23CE1D235EB361003504FC /* CreateUser.swift in Sources */ = {isa = PBXBuildFile; fileRef = EF23CE1C235EB361003504FC /* CreateUser.swift */; };
		EF23CE1F235EB452003504FC /* CreateUserController.swift in Sources */ = {isa = PBXBuildFile; fileRef = EF23CE1E235EB452003504FC /* CreateUserController.swift */; };
		EF61C4E12357FA35009D3A45 /* WelcomeBackScreen.storyboard in Resources */ = {isa = PBXBuildFile; fileRef = EF61C4E02357FA35009D3A45 /* WelcomeBackScreen.storyboard */; };
		EF61C4E32357FDB3009D3A45 /* HomeScreen.storyboard in Resources */ = {isa = PBXBuildFile; fileRef = EF61C4E22357FDB3009D3A45 /* HomeScreen.storyboard */; };
		EF61C4E52358040D009D3A45 /* Default-568h@2x.png in Resources */ = {isa = PBXBuildFile; fileRef = EF61C4E42358040D009D3A45 /* Default-568h@2x.png */; };
		EF61C4E623581040009D3A45 /* LandingPage.storyboard in Resources */ = {isa = PBXBuildFile; fileRef = EF0372542356B61D006161CA /* LandingPage.storyboard */; };
		EFF35263235962DD004B7386 /* SignUpVC.swift in Sources */ = {isa = PBXBuildFile; fileRef = EFF35262235962DD004B7386 /* SignUpVC.swift */; };
		EFF35266235968F7004B7386 /* TextFieldPadding.swift in Sources */ = {isa = PBXBuildFile; fileRef = EFF35265235968F7004B7386 /* TextFieldPadding.swift */; };
		EFF3526823596A3F004B7386 /* LoginSignupCustomButton.swift in Sources */ = {isa = PBXBuildFile; fileRef = EFF3526723596A3F004B7386 /* LoginSignupCustomButton.swift */; };
		EFF3526A23596DEC004B7386 /* CustomTextField.swift in Sources */ = {isa = PBXBuildFile; fileRef = EFF3526923596DEC004B7386 /* CustomTextField.swift */; };
/* End PBXBuildFile section */

/* Begin PBXFileReference section */
		3748BADA2358E2B30022C521 /* LoginViewController.swift */ = {isa = PBXFileReference; lastKnownFileType = sourcecode.swift; path = LoginViewController.swift; sourceTree = "<group>"; };
		3748BADC2358E78C0022C521 /* WelcomeBackViewController.swift */ = {isa = PBXFileReference; lastKnownFileType = sourcecode.swift; path = WelcomeBackViewController.swift; sourceTree = "<group>"; };
		37C63219235F5C50002B9138 /* Token.swift */ = {isa = PBXFileReference; lastKnownFileType = sourcecode.swift; path = Token.swift; sourceTree = "<group>"; };
		37C6321B235F5D06002B9138 /* LoginUserController.swift */ = {isa = PBXFileReference; lastKnownFileType = sourcecode.swift; path = LoginUserController.swift; sourceTree = "<group>"; };
		A4103225235B9A35004C4426 /* ViewTripVC.swift */ = {isa = PBXFileReference; lastKnownFileType = sourcecode.swift; path = ViewTripVC.swift; sourceTree = "<group>"; };
		A410F3ED2358207F00F96001 /* YourTripsVC.swift */ = {isa = PBXFileReference; lastKnownFileType = sourcecode.swift; path = YourTripsVC.swift; sourceTree = "<group>"; };
		A425A276235A36CF0031820B /* ParticipantCollectionViewCell.swift */ = {isa = PBXFileReference; lastKnownFileType = sourcecode.swift; name = ParticipantCollectionViewCell.swift; path = "Split Trip/Views/Participant Collection View/ParticipantCollectionViewCell.swift"; sourceTree = SOURCE_ROOT; };
		A425A277235A36CF0031820B /* ParticipantCollectionViewCell.xib */ = {isa = PBXFileReference; lastKnownFileType = file.xib; name = ParticipantCollectionViewCell.xib; path = "Split Trip/Views/Participant Collection View/ParticipantCollectionViewCell.xib"; sourceTree = SOURCE_ROOT; };
		A460EA3C23581A1200AB8E7A /* BalanceView.swift */ = {isa = PBXFileReference; lastKnownFileType = sourcecode.swift; path = BalanceView.swift; sourceTree = "<group>"; };
		A46A47C02359F23500DBC01A /* FriendsVC.swift */ = {isa = PBXFileReference; lastKnownFileType = sourcecode.swift; name = FriendsVC.swift; path = "Split Trip/View Controllers/HomeScreen/HomeTabBarMenu/FriendsVC.swift"; sourceTree = SOURCE_ROOT; };
		A46A47C22359F25B00DBC01A /* NotificationsVC.swift */ = {isa = PBXFileReference; lastKnownFileType = sourcecode.swift; name = NotificationsVC.swift; path = "Split Trip/View Controllers/HomeScreen/HomeTabBarMenu/NotificationsVC.swift"; sourceTree = SOURCE_ROOT; };
		A46A47C4235A00FA00DBC01A /* TripTableViewCell.swift */ = {isa = PBXFileReference; lastKnownFileType = sourcecode.swift; path = TripTableViewCell.swift; sourceTree = "<group>"; };
		A46A47C5235A00FA00DBC01A /* TripTableViewCell.xib */ = {isa = PBXFileReference; lastKnownFileType = file.xib; path = TripTableViewCell.xib; sourceTree = "<group>"; };
		A46A47C8235A0DC600DBC01A /* AddTripVC.swift */ = {isa = PBXFileReference; lastKnownFileType = sourcecode.swift; name = AddTripVC.swift; path = "Split Trip/View Controllers/HomeScreen/HomeTabBarMenu/AddTripVC.swift"; sourceTree = SOURCE_ROOT; };
		A46A47CA235A27B900DBC01A /* ChooseImagePlaceholder.png */ = {isa = PBXFileReference; lastKnownFileType = image.png; path = ChooseImagePlaceholder.png; sourceTree = "<group>"; };
		A4ED169D235B8C8500C358E8 /* TripSettingsTableViewCell.swift */ = {isa = PBXFileReference; lastKnownFileType = sourcecode.swift; name = TripSettingsTableViewCell.swift; path = "Split Trip/Views/Trip Settings Table View Celll/TripSettingsTableViewCell.swift"; sourceTree = SOURCE_ROOT; };
		A4ED169E235B8C8500C358E8 /* TripSettingsTableViewCell.xib */ = {isa = PBXFileReference; lastKnownFileType = file.xib; name = TripSettingsTableViewCell.xib; path = "Split Trip/Views/Trip Settings Table View Celll/TripSettingsTableViewCell.xib"; sourceTree = SOURCE_ROOT; };
		A4ED16A1235B8EC600C358E8 /* TripSettings.swift */ = {isa = PBXFileReference; lastKnownFileType = sourcecode.swift; name = TripSettings.swift; path = "Split Trip/View Controllers/HomeScreen/HomeTabBarMenu/TripSettings.swift"; sourceTree = SOURCE_ROOT; };
		A4FB58AA2359DF79002A1A39 /* backgroundImage@3x.png */ = {isa = PBXFileReference; lastKnownFileType = image.png; path = "backgroundImage@3x.png"; sourceTree = "<group>"; };
		EF03724B2356B61D006161CA /* Split Trip.app */ = {isa = PBXFileReference; explicitFileType = wrapper.application; includeInIndex = 0; path = "Split Trip.app"; sourceTree = BUILT_PRODUCTS_DIR; };
		EF03724E2356B61D006161CA /* AppDelegate.swift */ = {isa = PBXFileReference; lastKnownFileType = sourcecode.swift; path = AppDelegate.swift; sourceTree = "<group>"; };
		EF0372502356B61D006161CA /* SceneDelegate.swift */ = {isa = PBXFileReference; lastKnownFileType = sourcecode.swift; path = SceneDelegate.swift; sourceTree = "<group>"; };
		EF0372552356B61D006161CA /* Base */ = {isa = PBXFileReference; lastKnownFileType = file.storyboard; name = Base; path = Base.lproj/LandingPage.storyboard; sourceTree = "<group>"; };
		EF0372572356B61E006161CA /* Assets.xcassets */ = {isa = PBXFileReference; lastKnownFileType = folder.assetcatalog; path = Assets.xcassets; sourceTree = "<group>"; };
		EF03725A2356B61E006161CA /* Base */ = {isa = PBXFileReference; lastKnownFileType = file.storyboard; name = Base; path = Base.lproj/LaunchScreen.storyboard; sourceTree = "<group>"; };
		EF03725C2356B61E006161CA /* Info.plist */ = {isa = PBXFileReference; lastKnownFileType = text.plist.xml; path = Info.plist; sourceTree = "<group>"; };
		EF0372692356C4E9006161CA /* LandingPageVC.swift */ = {isa = PBXFileReference; lastKnownFileType = sourcecode.swift; path = LandingPageVC.swift; sourceTree = "<group>"; };
		EF03726B2356C536006161CA /* SignUpPage.storyboard */ = {isa = PBXFileReference; lastKnownFileType = file.storyboard; path = SignUpPage.storyboard; sourceTree = "<group>"; };
		EF03726D2356C57C006161CA /* LogIn.storyboard */ = {isa = PBXFileReference; lastKnownFileType = file.storyboard; path = LogIn.storyboard; sourceTree = "<group>"; };
		EF03726F2356C652006161CA /* ResetPassword.storyboard */ = {isa = PBXFileReference; lastKnownFileType = file.storyboard; path = ResetPassword.storyboard; sourceTree = "<group>"; };
		EF0372712356C7EC006161CA /* NewUserWelcomeScreen.storyboard */ = {isa = PBXFileReference; lastKnownFileType = file.storyboard; path = NewUserWelcomeScreen.storyboard; sourceTree = "<group>"; };
		EF08B992235AA1480027292E /* NewUserWelcomeVC.swift */ = {isa = PBXFileReference; lastKnownFileType = sourcecode.swift; path = NewUserWelcomeVC.swift; sourceTree = "<group>"; };
		EF23CE1C235EB361003504FC /* CreateUser.swift */ = {isa = PBXFileReference; lastKnownFileType = sourcecode.swift; path = CreateUser.swift; sourceTree = "<group>"; };
		EF23CE1E235EB452003504FC /* CreateUserController.swift */ = {isa = PBXFileReference; lastKnownFileType = sourcecode.swift; path = CreateUserController.swift; sourceTree = "<group>"; };
		EF61C4E02357FA35009D3A45 /* WelcomeBackScreen.storyboard */ = {isa = PBXFileReference; lastKnownFileType = file.storyboard; path = WelcomeBackScreen.storyboard; sourceTree = "<group>"; };
		EF61C4E22357FDB3009D3A45 /* HomeScreen.storyboard */ = {isa = PBXFileReference; lastKnownFileType = file.storyboard; path = HomeScreen.storyboard; sourceTree = "<group>"; };
		EF61C4E42358040D009D3A45 /* Default-568h@2x.png */ = {isa = PBXFileReference; lastKnownFileType = image.png; path = "Default-568h@2x.png"; sourceTree = "<group>"; };
		EFF35262235962DD004B7386 /* SignUpVC.swift */ = {isa = PBXFileReference; lastKnownFileType = sourcecode.swift; path = SignUpVC.swift; sourceTree = "<group>"; };
		EFF35265235968F7004B7386 /* TextFieldPadding.swift */ = {isa = PBXFileReference; lastKnownFileType = sourcecode.swift; path = TextFieldPadding.swift; sourceTree = "<group>"; };
		EFF3526723596A3F004B7386 /* LoginSignupCustomButton.swift */ = {isa = PBXFileReference; lastKnownFileType = sourcecode.swift; path = LoginSignupCustomButton.swift; sourceTree = "<group>"; };
		EFF3526923596DEC004B7386 /* CustomTextField.swift */ = {isa = PBXFileReference; lastKnownFileType = sourcecode.swift; path = CustomTextField.swift; sourceTree = "<group>"; };
/* End PBXFileReference section */

/* Begin PBXFrameworksBuildPhase section */
		EF0372482356B61D006161CA /* Frameworks */ = {
			isa = PBXFrameworksBuildPhase;
			buildActionMask = 2147483647;
			files = (
			);
			runOnlyForDeploymentPostprocessing = 0;
		};
/* End PBXFrameworksBuildPhase section */

/* Begin PBXGroup section */
		A4103224235B9A15004C4426 /* TripView */ = {
			isa = PBXGroup;
			children = (
				A4103225235B9A35004C4426 /* ViewTripVC.swift */,
			);
			path = TripView;
			sourceTree = "<group>";
		};
		A41C52DB235C783A002A08ED /* Participant Collection View */ = {
			isa = PBXGroup;
			children = (
				A425A276235A36CF0031820B /* ParticipantCollectionViewCell.swift */,
				A425A277235A36CF0031820B /* ParticipantCollectionViewCell.xib */,
			);
			path = "Participant Collection View";
			sourceTree = "<group>";
		};
		A41C52DC235C7854002A08ED /* Trip Settings Table View Celll */ = {
			isa = PBXGroup;
			children = (
				A4ED169D235B8C8500C358E8 /* TripSettingsTableViewCell.swift */,
				A4ED169E235B8C8500C358E8 /* TripSettingsTableViewCell.xib */,
			);
			path = "Trip Settings Table View Celll";
			sourceTree = "<group>";
		};
		A4401429235C8C3B0004DF9C /* Current Balance View */ = {
			isa = PBXGroup;
			children = (
				A460EA3C23581A1200AB8E7A /* BalanceView.swift */,
			);
			path = "Current Balance View";
			sourceTree = "<group>";
		};
		A460EA38235819A700AB8E7A /* HomeScreen */ = {
			isa = PBXGroup;
			children = (
				A4103224235B9A15004C4426 /* TripView */,
				A460EA4323581A7700AB8E7A /* AccountNavBarMenu */,
				A460EA4223581A5000AB8E7A /* NotificationsTabBarMenu */,
				A460EA4123581A3A00AB8E7A /* AddTripView */,
				A460EA4023581A2D00AB8E7A /* FriendsTabBarMenu */,
				A460EA3B235819EC00AB8E7A /* HomeTabBarMenu */,
			);
			path = HomeScreen;
			sourceTree = "<group>";
		};
		A460EA3B235819EC00AB8E7A /* HomeTabBarMenu */ = {
			isa = PBXGroup;
			children = (
				A410F3ED2358207F00F96001 /* YourTripsVC.swift */,
				A46A47C4235A00FA00DBC01A /* TripTableViewCell.swift */,
				A46A47C5235A00FA00DBC01A /* TripTableViewCell.xib */,
			);
			path = HomeTabBarMenu;
			sourceTree = "<group>";
		};
		A460EA4023581A2D00AB8E7A /* FriendsTabBarMenu */ = {
			isa = PBXGroup;
			children = (
				A46A47C02359F23500DBC01A /* FriendsVC.swift */,
			);
			path = FriendsTabBarMenu;
			sourceTree = "<group>";
		};
		A460EA4123581A3A00AB8E7A /* AddTripView */ = {
			isa = PBXGroup;
			children = (
				A46A47C8235A0DC600DBC01A /* AddTripVC.swift */,
			);
			path = AddTripView;
			sourceTree = "<group>";
		};
		A460EA4223581A5000AB8E7A /* NotificationsTabBarMenu */ = {
			isa = PBXGroup;
			children = (
				A46A47C22359F25B00DBC01A /* NotificationsVC.swift */,
			);
			path = NotificationsTabBarMenu;
			sourceTree = "<group>";
		};
		A460EA4323581A7700AB8E7A /* AccountNavBarMenu */ = {
			isa = PBXGroup;
			children = (
			);
			path = AccountNavBarMenu;
			sourceTree = "<group>";
		};
		A4FB58A92359DF6A002A1A39 /* Images */ = {
			isa = PBXGroup;
			children = (
				A46A47CA235A27B900DBC01A /* ChooseImagePlaceholder.png */,
				A4FB58AA2359DF79002A1A39 /* backgroundImage@3x.png */,
			);
			path = Images;
			sourceTree = "<group>";
		};
		EF0372422356B61D006161CA = {
			isa = PBXGroup;
			children = (
				EF61C4E42358040D009D3A45 /* Default-568h@2x.png */,
				EF03724D2356B61D006161CA /* Split Trip */,
				EF03724C2356B61D006161CA /* Products */,
			);
			sourceTree = "<group>";
		};
		EF03724C2356B61D006161CA /* Products */ = {
			isa = PBXGroup;
			children = (
				EF03724B2356B61D006161CA /* Split Trip.app */,
			);
			name = Products;
			sourceTree = "<group>";
		};
		EF03724D2356B61D006161CA /* Split Trip */ = {
			isa = PBXGroup;
			children = (
				EFF35264235968D6004B7386 /* Helpers */,
				EF0372622356BE33006161CA /* Model */,
				EF0372632356BE44006161CA /* Model Controller */,
				EF0372652356BEA2006161CA /* Views */,
				EF0372672356BF52006161CA /* Networking */,
				EF0372682356BF6A006161CA /* View Controllers */,
				EF0372642356BE52006161CA /* Storyboards */,
				EF0372662356BF2D006161CA /* Resources */,
				EF0372502356B61D006161CA /* SceneDelegate.swift */,
			);
			path = "Split Trip";
			sourceTree = "<group>";
		};
		EF0372622356BE33006161CA /* Model */ = {
			isa = PBXGroup;
			children = (
				A4ED16A1235B8EC600C358E8 /* TripSettings.swift */,
				EF23CE1C235EB361003504FC /* CreateUser.swift */,
				37C63219235F5C50002B9138 /* Token.swift */,
			);
			path = Model;
			sourceTree = "<group>";
		};
		EF0372632356BE44006161CA /* Model Controller */ = {
			isa = PBXGroup;
			children = (
				EF23CE1E235EB452003504FC /* CreateUserController.swift */,
				37C6321B235F5D06002B9138 /* LoginUserController.swift */,
			);
			path = "Model Controller";
			sourceTree = "<group>";
		};
		EF0372642356BE52006161CA /* Storyboards */ = {
			isa = PBXGroup;
			children = (
				EF0372542356B61D006161CA /* LandingPage.storyboard */,
				EF03726B2356C536006161CA /* SignUpPage.storyboard */,
				EF0372712356C7EC006161CA /* NewUserWelcomeScreen.storyboard */,
				EF03726D2356C57C006161CA /* LogIn.storyboard */,
				EF61C4E02357FA35009D3A45 /* WelcomeBackScreen.storyboard */,
				EF03726F2356C652006161CA /* ResetPassword.storyboard */,
				EF61C4E22357FDB3009D3A45 /* HomeScreen.storyboard */,
				EF0372592356B61E006161CA /* LaunchScreen.storyboard */,
			);
			path = Storyboards;
			sourceTree = "<group>";
		};
		EF0372652356BEA2006161CA /* Views */ = {
			isa = PBXGroup;
			children = (
				A4401429235C8C3B0004DF9C /* Current Balance View */,
				A41C52DC235C7854002A08ED /* Trip Settings Table View Celll */,
				A41C52DB235C783A002A08ED /* Participant Collection View */,
			);
			path = Views;
			sourceTree = "<group>";
		};
		EF0372662356BF2D006161CA /* Resources */ = {
			isa = PBXGroup;
			children = (
				A4FB58A92359DF6A002A1A39 /* Images */,
				EF0372572356B61E006161CA /* Assets.xcassets */,
				EF03725C2356B61E006161CA /* Info.plist */,
				EF03724E2356B61D006161CA /* AppDelegate.swift */,
			);
			path = Resources;
			sourceTree = "<group>";
		};
		EF0372672356BF52006161CA /* Networking */ = {
			isa = PBXGroup;
			children = (
			);
			path = Networking;
			sourceTree = "<group>";
		};
		EF0372682356BF6A006161CA /* View Controllers */ = {
			isa = PBXGroup;
			children = (
				A460EA38235819A700AB8E7A /* HomeScreen */,
				EF0372692356C4E9006161CA /* LandingPageVC.swift */,
				EFF35262235962DD004B7386 /* SignUpVC.swift */,
				EF08B992235AA1480027292E /* NewUserWelcomeVC.swift */,
				3748BADA2358E2B30022C521 /* LoginViewController.swift */,
				3748BADC2358E78C0022C521 /* WelcomeBackViewController.swift */,
			);
			path = "View Controllers";
			sourceTree = "<group>";
		};
		EFF35264235968D6004B7386 /* Helpers */ = {
			isa = PBXGroup;
			children = (
				EFF35265235968F7004B7386 /* TextFieldPadding.swift */,
				EFF3526723596A3F004B7386 /* LoginSignupCustomButton.swift */,
				EFF3526923596DEC004B7386 /* CustomTextField.swift */,
			);
			path = Helpers;
			sourceTree = "<group>";
		};
/* End PBXGroup section */

/* Begin PBXNativeTarget section */
		EF03724A2356B61D006161CA /* Split Trip */ = {
			isa = PBXNativeTarget;
			buildConfigurationList = EF03725F2356B61E006161CA /* Build configuration list for PBXNativeTarget "Split Trip" */;
			buildPhases = (
				EF0372472356B61D006161CA /* Sources */,
				EF0372482356B61D006161CA /* Frameworks */,
				EF0372492356B61D006161CA /* Resources */,
			);
			buildRules = (
			);
			dependencies = (
			);
			name = "Split Trip";
			productName = "Split Trip";
			productReference = EF03724B2356B61D006161CA /* Split Trip.app */;
			productType = "com.apple.product-type.application";
		};
/* End PBXNativeTarget section */

/* Begin PBXProject section */
		EF0372432356B61D006161CA /* Project object */ = {
			isa = PBXProject;
			attributes = {
				LastSwiftUpdateCheck = 1110;
				LastUpgradeCheck = 1110;
				ORGANIZATIONNAME = Seschwan;
				TargetAttributes = {
					EF03724A2356B61D006161CA = {
						CreatedOnToolsVersion = 11.1;
					};
				};
			};
			buildConfigurationList = EF0372462356B61D006161CA /* Build configuration list for PBXProject "Split Trip" */;
			compatibilityVersion = "Xcode 9.3";
			developmentRegion = en;
			hasScannedForEncodings = 0;
			knownRegions = (
				en,
				Base,
			);
			mainGroup = EF0372422356B61D006161CA;
			productRefGroup = EF03724C2356B61D006161CA /* Products */;
			projectDirPath = "";
			projectRoot = "";
			targets = (
				EF03724A2356B61D006161CA /* Split Trip */,
			);
		};
/* End PBXProject section */

/* Begin PBXResourcesBuildPhase section */
		EF0372492356B61D006161CA /* Resources */ = {
			isa = PBXResourcesBuildPhase;
			buildActionMask = 2147483647;
			files = (
				A46A47CB235A27B900DBC01A /* ChooseImagePlaceholder.png in Resources */,
				EF61C4E12357FA35009D3A45 /* WelcomeBackScreen.storyboard in Resources */,
				A4FB58AB2359DF79002A1A39 /* backgroundImage@3x.png in Resources */,
				EF61C4E623581040009D3A45 /* LandingPage.storyboard in Resources */,
				EF03725B2356B61E006161CA /* LaunchScreen.storyboard in Resources */,
				EF0372582356B61E006161CA /* Assets.xcassets in Resources */,
				EF61C4E52358040D009D3A45 /* Default-568h@2x.png in Resources */,
				EF0372722356C7EC006161CA /* NewUserWelcomeScreen.storyboard in Resources */,
				EF03726C2356C536006161CA /* SignUpPage.storyboard in Resources */,
				A4ED16A0235B8C8500C358E8 /* TripSettingsTableViewCell.xib in Resources */,
				A46A47C7235A00FA00DBC01A /* TripTableViewCell.xib in Resources */,
				EF61C4E32357FDB3009D3A45 /* HomeScreen.storyboard in Resources */,
				A425A279235A36CF0031820B /* ParticipantCollectionViewCell.xib in Resources */,
				EF03726E2356C57C006161CA /* LogIn.storyboard in Resources */,
				EF0372702356C652006161CA /* ResetPassword.storyboard in Resources */,
			);
			runOnlyForDeploymentPostprocessing = 0;
		};
/* End PBXResourcesBuildPhase section */

/* Begin PBXSourcesBuildPhase section */
		EF0372472356B61D006161CA /* Sources */ = {
			isa = PBXSourcesBuildPhase;
			buildActionMask = 2147483647;
			files = (
				A425A278235A36CF0031820B /* ParticipantCollectionViewCell.swift in Sources */,
				A46A47C12359F23500DBC01A /* FriendsVC.swift in Sources */,
				A4103226235B9A35004C4426 /* ViewTripVC.swift in Sources */,
				EF03726A2356C4E9006161CA /* LandingPageVC.swift in Sources */,
				37C6321C235F5D06002B9138 /* LoginUserController.swift in Sources */,
				A4ED169F235B8C8500C358E8 /* TripSettingsTableViewCell.swift in Sources */,
				A410F3EE2358207F00F96001 /* YourTripsVC.swift in Sources */,
				A46A47C6235A00FA00DBC01A /* TripTableViewCell.swift in Sources */,
				A46A47C9235A0DC600DBC01A /* AddTripVC.swift in Sources */,
				A46A47C32359F25B00DBC01A /* NotificationsVC.swift in Sources */,
				A460EA3D23581A1200AB8E7A /* BalanceView.swift in Sources */,
				EF23CE1D235EB361003504FC /* CreateUser.swift in Sources */,
				A4ED16A2235B8EC600C358E8 /* TripSettings.swift in Sources */,
				3748BADB2358E2B30022C521 /* LoginViewController.swift in Sources */,
				EF03726A2356C4E9006161CA /* LandingPageVC.swift in Sources */,
				3748BADD2358E78C0022C521 /* WelcomeBackViewController.swift in Sources */,
				37C6321A235F5C50002B9138 /* Token.swift in Sources */,
				EF03724F2356B61D006161CA /* AppDelegate.swift in Sources */,
				EFF35263235962DD004B7386 /* SignUpVC.swift in Sources */,
				EF08B993235AA1480027292E /* NewUserWelcomeVC.swift in Sources */,
				EF0372512356B61D006161CA /* SceneDelegate.swift in Sources */,
				EFF3526823596A3F004B7386 /* LoginSignupCustomButton.swift in Sources */,
				EF23CE1F235EB452003504FC /* CreateUserController.swift in Sources */,
				EFF35266235968F7004B7386 /* TextFieldPadding.swift in Sources */,
				EFF3526A23596DEC004B7386 /* CustomTextField.swift in Sources */,
			);
			runOnlyForDeploymentPostprocessing = 0;
		};
/* End PBXSourcesBuildPhase section */

/* Begin PBXVariantGroup section */
		EF0372542356B61D006161CA /* LandingPage.storyboard */ = {
			isa = PBXVariantGroup;
			children = (
				EF0372552356B61D006161CA /* Base */,
			);
			name = LandingPage.storyboard;
			sourceTree = "<group>";
		};
		EF0372592356B61E006161CA /* LaunchScreen.storyboard */ = {
			isa = PBXVariantGroup;
			children = (
				EF03725A2356B61E006161CA /* Base */,
			);
			name = LaunchScreen.storyboard;
			sourceTree = "<group>";
		};
/* End PBXVariantGroup section */

/* Begin XCBuildConfiguration section */
		EF03725D2356B61E006161CA /* Debug */ = {
			isa = XCBuildConfiguration;
			buildSettings = {
				ALWAYS_SEARCH_USER_PATHS = NO;
				CLANG_ANALYZER_NONNULL = YES;
				CLANG_ANALYZER_NUMBER_OBJECT_CONVERSION = YES_AGGRESSIVE;
				CLANG_CXX_LANGUAGE_STANDARD = "gnu++14";
				CLANG_CXX_LIBRARY = "libc++";
				CLANG_ENABLE_MODULES = YES;
				CLANG_ENABLE_OBJC_ARC = YES;
				CLANG_ENABLE_OBJC_WEAK = YES;
				CLANG_WARN_BLOCK_CAPTURE_AUTORELEASING = YES;
				CLANG_WARN_BOOL_CONVERSION = YES;
				CLANG_WARN_COMMA = YES;
				CLANG_WARN_CONSTANT_CONVERSION = YES;
				CLANG_WARN_DEPRECATED_OBJC_IMPLEMENTATIONS = YES;
				CLANG_WARN_DIRECT_OBJC_ISA_USAGE = YES_ERROR;
				CLANG_WARN_DOCUMENTATION_COMMENTS = YES;
				CLANG_WARN_EMPTY_BODY = YES;
				CLANG_WARN_ENUM_CONVERSION = YES;
				CLANG_WARN_INFINITE_RECURSION = YES;
				CLANG_WARN_INT_CONVERSION = YES;
				CLANG_WARN_NON_LITERAL_NULL_CONVERSION = YES;
				CLANG_WARN_OBJC_IMPLICIT_RETAIN_SELF = YES;
				CLANG_WARN_OBJC_LITERAL_CONVERSION = YES;
				CLANG_WARN_OBJC_ROOT_CLASS = YES_ERROR;
				CLANG_WARN_RANGE_LOOP_ANALYSIS = YES;
				CLANG_WARN_STRICT_PROTOTYPES = YES;
				CLANG_WARN_SUSPICIOUS_MOVE = YES;
				CLANG_WARN_UNGUARDED_AVAILABILITY = YES_AGGRESSIVE;
				CLANG_WARN_UNREACHABLE_CODE = YES;
				CLANG_WARN__DUPLICATE_METHOD_MATCH = YES;
				COPY_PHASE_STRIP = NO;
				DEBUG_INFORMATION_FORMAT = dwarf;
				ENABLE_STRICT_OBJC_MSGSEND = YES;
				ENABLE_TESTABILITY = YES;
				GCC_C_LANGUAGE_STANDARD = gnu11;
				GCC_DYNAMIC_NO_PIC = NO;
				GCC_NO_COMMON_BLOCKS = YES;
				GCC_OPTIMIZATION_LEVEL = 0;
				GCC_PREPROCESSOR_DEFINITIONS = (
					"DEBUG=1",
					"$(inherited)",
				);
				GCC_WARN_64_TO_32_BIT_CONVERSION = YES;
				GCC_WARN_ABOUT_RETURN_TYPE = YES_ERROR;
				GCC_WARN_UNDECLARED_SELECTOR = YES;
				GCC_WARN_UNINITIALIZED_AUTOS = YES_AGGRESSIVE;
				GCC_WARN_UNUSED_FUNCTION = YES;
				GCC_WARN_UNUSED_VARIABLE = YES;
				IPHONEOS_DEPLOYMENT_TARGET = 13.1;
				MTL_ENABLE_DEBUG_INFO = INCLUDE_SOURCE;
				MTL_FAST_MATH = YES;
				ONLY_ACTIVE_ARCH = YES;
				SDKROOT = iphoneos;
				SWIFT_ACTIVE_COMPILATION_CONDITIONS = DEBUG;
				SWIFT_OPTIMIZATION_LEVEL = "-Onone";
			};
			name = Debug;
		};
		EF03725E2356B61E006161CA /* Release */ = {
			isa = XCBuildConfiguration;
			buildSettings = {
				ALWAYS_SEARCH_USER_PATHS = NO;
				CLANG_ANALYZER_NONNULL = YES;
				CLANG_ANALYZER_NUMBER_OBJECT_CONVERSION = YES_AGGRESSIVE;
				CLANG_CXX_LANGUAGE_STANDARD = "gnu++14";
				CLANG_CXX_LIBRARY = "libc++";
				CLANG_ENABLE_MODULES = YES;
				CLANG_ENABLE_OBJC_ARC = YES;
				CLANG_ENABLE_OBJC_WEAK = YES;
				CLANG_WARN_BLOCK_CAPTURE_AUTORELEASING = YES;
				CLANG_WARN_BOOL_CONVERSION = YES;
				CLANG_WARN_COMMA = YES;
				CLANG_WARN_CONSTANT_CONVERSION = YES;
				CLANG_WARN_DEPRECATED_OBJC_IMPLEMENTATIONS = YES;
				CLANG_WARN_DIRECT_OBJC_ISA_USAGE = YES_ERROR;
				CLANG_WARN_DOCUMENTATION_COMMENTS = YES;
				CLANG_WARN_EMPTY_BODY = YES;
				CLANG_WARN_ENUM_CONVERSION = YES;
				CLANG_WARN_INFINITE_RECURSION = YES;
				CLANG_WARN_INT_CONVERSION = YES;
				CLANG_WARN_NON_LITERAL_NULL_CONVERSION = YES;
				CLANG_WARN_OBJC_IMPLICIT_RETAIN_SELF = YES;
				CLANG_WARN_OBJC_LITERAL_CONVERSION = YES;
				CLANG_WARN_OBJC_ROOT_CLASS = YES_ERROR;
				CLANG_WARN_RANGE_LOOP_ANALYSIS = YES;
				CLANG_WARN_STRICT_PROTOTYPES = YES;
				CLANG_WARN_SUSPICIOUS_MOVE = YES;
				CLANG_WARN_UNGUARDED_AVAILABILITY = YES_AGGRESSIVE;
				CLANG_WARN_UNREACHABLE_CODE = YES;
				CLANG_WARN__DUPLICATE_METHOD_MATCH = YES;
				COPY_PHASE_STRIP = NO;
				DEBUG_INFORMATION_FORMAT = "dwarf-with-dsym";
				ENABLE_NS_ASSERTIONS = NO;
				ENABLE_STRICT_OBJC_MSGSEND = YES;
				GCC_C_LANGUAGE_STANDARD = gnu11;
				GCC_NO_COMMON_BLOCKS = YES;
				GCC_WARN_64_TO_32_BIT_CONVERSION = YES;
				GCC_WARN_ABOUT_RETURN_TYPE = YES_ERROR;
				GCC_WARN_UNDECLARED_SELECTOR = YES;
				GCC_WARN_UNINITIALIZED_AUTOS = YES_AGGRESSIVE;
				GCC_WARN_UNUSED_FUNCTION = YES;
				GCC_WARN_UNUSED_VARIABLE = YES;
				IPHONEOS_DEPLOYMENT_TARGET = 13.1;
				MTL_ENABLE_DEBUG_INFO = NO;
				MTL_FAST_MATH = YES;
				SDKROOT = iphoneos;
				SWIFT_COMPILATION_MODE = wholemodule;
				SWIFT_OPTIMIZATION_LEVEL = "-O";
				VALIDATE_PRODUCT = YES;
			};
			name = Release;
		};
		EF0372602356B61E006161CA /* Debug */ = {
			isa = XCBuildConfiguration;
			buildSettings = {
				ASSETCATALOG_COMPILER_APPICON_NAME = AppIcon;
				CODE_SIGN_STYLE = Automatic;
				DEVELOPMENT_TEAM = SBB8C9E36E;
				INFOPLIST_FILE = "$(SRCROOT)/Split Trip/Resources/Info.plist";
				IPHONEOS_DEPLOYMENT_TARGET = 13.1;
				LD_RUNPATH_SEARCH_PATHS = (
					"$(inherited)",
					"@executable_path/Frameworks",
				);
				PRODUCT_BUNDLE_IDENTIFIER = "Seschwan.com.Split-Trip";
				PRODUCT_NAME = "$(TARGET_NAME)";
				SWIFT_VERSION = 5.0;
				TARGETED_DEVICE_FAMILY = "1,2";
			};
			name = Debug;
		};
		EF0372612356B61E006161CA /* Release */ = {
			isa = XCBuildConfiguration;
			buildSettings = {
				ASSETCATALOG_COMPILER_APPICON_NAME = AppIcon;
				CODE_SIGN_STYLE = Automatic;
				DEVELOPMENT_TEAM = SBB8C9E36E;
				INFOPLIST_FILE = "$(SRCROOT)/Split Trip/Resources/Info.plist";
				IPHONEOS_DEPLOYMENT_TARGET = 13.1;
				LD_RUNPATH_SEARCH_PATHS = (
					"$(inherited)",
					"@executable_path/Frameworks",
				);
				PRODUCT_BUNDLE_IDENTIFIER = "Seschwan.com.Split-Trip";
				PRODUCT_NAME = "$(TARGET_NAME)";
				SWIFT_VERSION = 5.0;
				TARGETED_DEVICE_FAMILY = "1,2";
			};
			name = Release;
		};
/* End XCBuildConfiguration section */

/* Begin XCConfigurationList section */
		EF0372462356B61D006161CA /* Build configuration list for PBXProject "Split Trip" */ = {
			isa = XCConfigurationList;
			buildConfigurations = (
				EF03725D2356B61E006161CA /* Debug */,
				EF03725E2356B61E006161CA /* Release */,
			);
			defaultConfigurationIsVisible = 0;
			defaultConfigurationName = Release;
		};
		EF03725F2356B61E006161CA /* Build configuration list for PBXNativeTarget "Split Trip" */ = {
			isa = XCConfigurationList;
			buildConfigurations = (
				EF0372602356B61E006161CA /* Debug */,
				EF0372612356B61E006161CA /* Release */,
			);
			defaultConfigurationIsVisible = 0;
			defaultConfigurationName = Release;
		};
/* End XCConfigurationList section */
	};
	rootObject = EF0372432356B61D006161CA /* Project object */;
}
